// !$*UTF8*$!
{
	archiveVersion = 1;
	classes = {
	};
	objectVersion = 77;
	objects = {

/* Begin PBXContainerItemProxy section */
		24F010712D1F23C3005854A4 /* PBXContainerItemProxy */ = {
			isa = PBXContainerItemProxy;
			containerPortal = 24F010582D1F23C1005854A4 /* Project object */;
			proxyType = 1;
			remoteGlobalIDString = 24F0105F2D1F23C1005854A4;
			remoteInfo = "CarRental 2.0";
		};
		24F0107B2D1F23C3005854A4 /* PBXContainerItemProxy */ = {
			isa = PBXContainerItemProxy;
			containerPortal = 24F010582D1F23C1005854A4 /* Project object */;
			proxyType = 1;
			remoteGlobalIDString = 24F0105F2D1F23C1005854A4;
			remoteInfo = "CarRental 2.0";
		};
/* End PBXContainerItemProxy section */

/* Begin PBXFileReference section */
		24F010602D1F23C1005854A4 /* CarRental 2.0.app */ = {isa = PBXFileReference; explicitFileType = wrapper.application; includeInIndex = 0; path = "CarRental 2.0.app"; sourceTree = BUILT_PRODUCTS_DIR; };
		24F010702D1F23C3005854A4 /* CarRental 2.0Tests.xctest */ = {isa = PBXFileReference; explicitFileType = wrapper.cfbundle; includeInIndex = 0; path = "CarRental 2.0Tests.xctest"; sourceTree = BUILT_PRODUCTS_DIR; };
		24F0107A2D1F23C3005854A4 /* CarRental 2.0UITests.xctest */ = {isa = PBXFileReference; explicitFileType = wrapper.cfbundle; includeInIndex = 0; path = "CarRental 2.0UITests.xctest"; sourceTree = BUILT_PRODUCTS_DIR; };
/* End PBXFileReference section */

/* Begin PBXFileSystemSynchronizedRootGroup section */
		24F010622D1F23C1005854A4 /* CarRental 2.0 */ = {
			isa = PBXFileSystemSynchronizedRootGroup;
			path = "CarRental 2.0";
			sourceTree = "<group>";
		};
		24F010732D1F23C3005854A4 /* CarRental 2.0Tests */ = {
			isa = PBXFileSystemSynchronizedRootGroup;
			path = "CarRental 2.0Tests";
			sourceTree = "<group>";
		};
		24F0107D2D1F23C3005854A4 /* CarRental 2.0UITests */ = {
			isa = PBXFileSystemSynchronizedRootGroup;
			path = "CarRental 2.0UITests";
			sourceTree = "<group>";
		};
/* End PBXFileSystemSynchronizedRootGroup section */

/* Begin PBXFrameworksBuildPhase section */
		24F0105D2D1F23C1005854A4 /* Frameworks */ = {
			isa = PBXFrameworksBuildPhase;
			buildActionMask = 2147483647;
			files = (
			);
			runOnlyForDeploymentPostprocessing = 0;
		};
		24F0106D2D1F23C3005854A4 /* Frameworks */ = {
			isa = PBXFrameworksBuildPhase;
			buildActionMask = 2147483647;
			files = (
			);
			runOnlyForDeploymentPostprocessing = 0;
		};
		24F010772D1F23C3005854A4 /* Frameworks */ = {
			isa = PBXFrameworksBuildPhase;
			buildActionMask = 2147483647;
			files = (
			);
			runOnlyForDeploymentPostprocessing = 0;
		};
/* End PBXFrameworksBuildPhase section */

/* Begin PBXGroup section */
		24F010572D1F23C1005854A4 = {
			isa = PBXGroup;
			children = (
				24F010622D1F23C1005854A4 /* CarRental 2.0 */,
				24F010732D1F23C3005854A4 /* CarRental 2.0Tests */,
				24F0107D2D1F23C3005854A4 /* CarRental 2.0UITests */,
				24F010612D1F23C1005854A4 /* Products */,
			);
			sourceTree = "<group>";
		};
		24F010612D1F23C1005854A4 /* Products */ = {
			isa = PBXGroup;
			children = (
				24F010602D1F23C1005854A4 /* CarRental 2.0.app */,
				24F010702D1F23C3005854A4 /* CarRental 2.0Tests.xctest */,
				24F0107A2D1F23C3005854A4 /* CarRental 2.0UITests.xctest */,
			);
			name = Products;
			sourceTree = "<group>";
		};
/* End PBXGroup section */

/* Begin PBXNativeTarget section */
		24F0105F2D1F23C1005854A4 /* CarRental 2.0 */ = {
			isa = PBXNativeTarget;
			buildConfigurationList = 24F010842D1F23C3005854A4 /* Build configuration list for PBXNativeTarget "CarRental 2.0" */;
			buildPhases = (
				24F0105C2D1F23C1005854A4 /* Sources */,
				24F0105D2D1F23C1005854A4 /* Frameworks */,
				24F0105E2D1F23C1005854A4 /* Resources */,
			);
			buildRules = (
			);
			dependencies = (
			);
			fileSystemSynchronizedGroups = (
				24F010622D1F23C1005854A4 /* CarRental 2.0 */,
			);
			name = "CarRental 2.0";
			packageProductDependencies = (
			);
			productName = "CarRental 2.0";
			productReference = 24F010602D1F23C1005854A4 /* CarRental 2.0.app */;
			productType = "com.apple.product-type.application";
		};
		24F0106F2D1F23C3005854A4 /* CarRental 2.0Tests */ = {
			isa = PBXNativeTarget;
			buildConfigurationList = 24F010872D1F23C3005854A4 /* Build configuration list for PBXNativeTarget "CarRental 2.0Tests" */;
			buildPhases = (
				24F0106C2D1F23C3005854A4 /* Sources */,
				24F0106D2D1F23C3005854A4 /* Frameworks */,
				24F0106E2D1F23C3005854A4 /* Resources */,
			);
			buildRules = (
			);
			dependencies = (
				24F010722D1F23C3005854A4 /* PBXTargetDependency */,
			);
			fileSystemSynchronizedGroups = (
				24F010732D1F23C3005854A4 /* CarRental 2.0Tests */,
			);
			name = "CarRental 2.0Tests";
			packageProductDependencies = (
			);
			productName = "CarRental 2.0Tests";
			productReference = 24F010702D1F23C3005854A4 /* CarRental 2.0Tests.xctest */;
			productType = "com.apple.product-type.bundle.unit-test";
		};
		24F010792D1F23C3005854A4 /* CarRental 2.0UITests */ = {
			isa = PBXNativeTarget;
			buildConfigurationList = 24F0108A2D1F23C3005854A4 /* Build configuration list for PBXNativeTarget "CarRental 2.0UITests" */;
			buildPhases = (
				24F010762D1F23C3005854A4 /* Sources */,
				24F010772D1F23C3005854A4 /* Frameworks */,
				24F010782D1F23C3005854A4 /* Resources */,
			);
			buildRules = (
			);
			dependencies = (
				24F0107C2D1F23C3005854A4 /* PBXTargetDependency */,
			);
			fileSystemSynchronizedGroups = (
				24F0107D2D1F23C3005854A4 /* CarRental 2.0UITests */,
			);
			name = "CarRental 2.0UITests";
			packageProductDependencies = (
			);
			productName = "CarRental 2.0UITests";
			productReference = 24F0107A2D1F23C3005854A4 /* CarRental 2.0UITests.xctest */;
			productType = "com.apple.product-type.bundle.ui-testing";
		};
/* End PBXNativeTarget section */

/* Begin PBXProject section */
		24F010582D1F23C1005854A4 /* Project object */ = {
			isa = PBXProject;
			attributes = {
				BuildIndependentTargetsInParallel = 1;
				LastSwiftUpdateCheck = 1610;
				LastUpgradeCheck = 1610;
				TargetAttributes = {
					24F0105F2D1F23C1005854A4 = {
						CreatedOnToolsVersion = 16.1;
					};
					24F0106F2D1F23C3005854A4 = {
						CreatedOnToolsVersion = 16.1;
						TestTargetID = 24F0105F2D1F23C1005854A4;
					};
					24F010792D1F23C3005854A4 = {
						CreatedOnToolsVersion = 16.1;
						TestTargetID = 24F0105F2D1F23C1005854A4;
					};
				};
			};
			buildConfigurationList = 24F0105B2D1F23C1005854A4 /* Build configuration list for PBXProject "CarRental 2.0" */;
			developmentRegion = en;
			hasScannedForEncodings = 0;
			knownRegions = (
				en,
				Base,
			);
			mainGroup = 24F010572D1F23C1005854A4;
			minimizedProjectReferenceProxies = 1;
			preferredProjectObjectVersion = 77;
			productRefGroup = 24F010612D1F23C1005854A4 /* Products */;
			projectDirPath = "";
			projectRoot = "";
			targets = (
				24F0105F2D1F23C1005854A4 /* CarRental 2.0 */,
				24F0106F2D1F23C3005854A4 /* CarRental 2.0Tests */,
				24F010792D1F23C3005854A4 /* CarRental 2.0UITests */,
			);
		};
/* End PBXProject section */

/* Begin PBXResourcesBuildPhase section */
		24F0105E2D1F23C1005854A4 /* Resources */ = {
			isa = PBXResourcesBuildPhase;
			buildActionMask = 2147483647;
			files = (
			);
			runOnlyForDeploymentPostprocessing = 0;
		};
		24F0106E2D1F23C3005854A4 /* Resources */ = {
			isa = PBXResourcesBuildPhase;
			buildActionMask = 2147483647;
			files = (
			);
			runOnlyForDeploymentPostprocessing = 0;
		};
		24F010782D1F23C3005854A4 /* Resources */ = {
			isa = PBXResourcesBuildPhase;
			buildActionMask = 2147483647;
			files = (
			);
			runOnlyForDeploymentPostprocessing = 0;
		};
/* End PBXResourcesBuildPhase section */

/* Begin PBXSourcesBuildPhase section */
		24F0105C2D1F23C1005854A4 /* Sources */ = {
			isa = PBXSourcesBuildPhase;
			buildActionMask = 2147483647;
			files = (
			);
			runOnlyForDeploymentPostprocessing = 0;
		};
		24F0106C2D1F23C3005854A4 /* Sources */ = {
			isa = PBXSourcesBuildPhase;
			buildActionMask = 2147483647;
			files = (
			);
			runOnlyForDeploymentPostprocessing = 0;
		};
		24F010762D1F23C3005854A4 /* Sources */ = {
			isa = PBXSourcesBuildPhase;
			buildActionMask = 2147483647;
			files = (
			);
			runOnlyForDeploymentPostprocessing = 0;
		};
/* End PBXSourcesBuildPhase section */

/* Begin PBXTargetDependency section */
		24F010722D1F23C3005854A4 /* PBXTargetDependency */ = {
			isa = PBXTargetDependency;
			target = 24F0105F2D1F23C1005854A4 /* CarRental 2.0 */;
			targetProxy = 24F010712D1F23C3005854A4 /* PBXContainerItemProxy */;
		};
		24F0107C2D1F23C3005854A4 /* PBXTargetDependency */ = {
			isa = PBXTargetDependency;
			target = 24F0105F2D1F23C1005854A4 /* CarRental 2.0 */;
			targetProxy = 24F0107B2D1F23C3005854A4 /* PBXContainerItemProxy */;
		};
/* End PBXTargetDependency section */

/* Begin XCBuildConfiguration section */
		24F010822D1F23C3005854A4 /* Debug */ = {
			isa = XCBuildConfiguration;
			buildSettings = {
				ALWAYS_SEARCH_USER_PATHS = NO;
				ASSETCATALOG_COMPILER_GENERATE_SWIFT_ASSET_SYMBOL_EXTENSIONS = YES;
				CLANG_ANALYZER_NONNULL = YES;
				CLANG_ANALYZER_NUMBER_OBJECT_CONVERSION = YES_AGGRESSIVE;
				CLANG_CXX_LANGUAGE_STANDARD = "gnu++20";
				CLANG_ENABLE_MODULES = YES;
				CLANG_ENABLE_OBJC_ARC = YES;
				CLANG_ENABLE_OBJC_WEAK = YES;
				CLANG_WARN_BLOCK_CAPTURE_AUTORELEASING = YES;
				CLANG_WARN_BOOL_CONVERSION = YES;
				CLANG_WARN_COMMA = YES;
				CLANG_WARN_CONSTANT_CONVERSION = YES;
				CLANG_WARN_DEPRECATED_OBJC_IMPLEMENTATIONS = YES;
				CLANG_WARN_DIRECT_OBJC_ISA_USAGE = YES_ERROR;
				CLANG_WARN_DOCUMENTATION_COMMENTS = YES;
				CLANG_WARN_EMPTY_BODY = YES;
				CLANG_WARN_ENUM_CONVERSION = YES;
				CLANG_WARN_INFINITE_RECURSION = YES;
				CLANG_WARN_INT_CONVERSION = YES;
				CLANG_WARN_NON_LITERAL_NULL_CONVERSION = YES;
				CLANG_WARN_OBJC_IMPLICIT_RETAIN_SELF = YES;
				CLANG_WARN_OBJC_LITERAL_CONVERSION = YES;
				CLANG_WARN_OBJC_ROOT_CLASS = YES_ERROR;
				CLANG_WARN_QUOTED_INCLUDE_IN_FRAMEWORK_HEADER = YES;
				CLANG_WARN_RANGE_LOOP_ANALYSIS = YES;
				CLANG_WARN_STRICT_PROTOTYPES = YES;
				CLANG_WARN_SUSPICIOUS_MOVE = YES;
				CLANG_WARN_UNGUARDED_AVAILABILITY = YES_AGGRESSIVE;
				CLANG_WARN_UNREACHABLE_CODE = YES;
				CLANG_WARN__DUPLICATE_METHOD_MATCH = YES;
				COPY_PHASE_STRIP = NO;
				DEBUG_INFORMATION_FORMAT = dwarf;
				ENABLE_STRICT_OBJC_MSGSEND = YES;
				ENABLE_TESTABILITY = YES;
				ENABLE_USER_SCRIPT_SANDBOXING = YES;
				GCC_C_LANGUAGE_STANDARD = gnu17;
				GCC_DYNAMIC_NO_PIC = NO;
				GCC_NO_COMMON_BLOCKS = YES;
				GCC_OPTIMIZATION_LEVEL = 0;
				GCC_PREPROCESSOR_DEFINITIONS = (
					"DEBUG=1",
					"$(inherited)",
				);
				GCC_WARN_64_TO_32_BIT_CONVERSION = YES;
				GCC_WARN_ABOUT_RETURN_TYPE = YES_ERROR;
				GCC_WARN_UNDECLARED_SELECTOR = YES;
				GCC_WARN_UNINITIALIZED_AUTOS = YES_AGGRESSIVE;
				GCC_WARN_UNUSED_FUNCTION = YES;
				GCC_WARN_UNUSED_VARIABLE = YES;
				IPHONEOS_DEPLOYMENT_TARGET = 18.1;
				LOCALIZATION_PREFERS_STRING_CATALOGS = YES;
				MTL_ENABLE_DEBUG_INFO = INCLUDE_SOURCE;
				MTL_FAST_MATH = YES;
				ONLY_ACTIVE_ARCH = YES;
				SDKROOT = iphoneos;
				SWIFT_ACTIVE_COMPILATION_CONDITIONS = "DEBUG $(inherited)";
				SWIFT_OPTIMIZATION_LEVEL = "-Onone";
			};
			name = Debug;
		};
		24F010832D1F23C3005854A4 /* Release */ = {
			isa = XCBuildConfiguration;
			buildSettings = {
				ALWAYS_SEARCH_USER_PATHS = NO;
				ASSETCATALOG_COMPILER_GENERATE_SWIFT_ASSET_SYMBOL_EXTENSIONS = YES;
				CLANG_ANALYZER_NONNULL = YES;
				CLANG_ANALYZER_NUMBER_OBJECT_CONVERSION = YES_AGGRESSIVE;
				CLANG_CXX_LANGUAGE_STANDARD = "gnu++20";
				CLANG_ENABLE_MODULES = YES;
				CLANG_ENABLE_OBJC_ARC = YES;
				CLANG_ENABLE_OBJC_WEAK = YES;
				CLANG_WARN_BLOCK_CAPTURE_AUTORELEASING = YES;
				CLANG_WARN_BOOL_CONVERSION = YES;
				CLANG_WARN_COMMA = YES;
				CLANG_WARN_CONSTANT_CONVERSION = YES;
				CLANG_WARN_DEPRECATED_OBJC_IMPLEMENTATIONS = YES;
				CLANG_WARN_DIRECT_OBJC_ISA_USAGE = YES_ERROR;
				CLANG_WARN_DOCUMENTATION_COMMENTS = YES;
				CLANG_WARN_EMPTY_BODY = YES;
				CLANG_WARN_ENUM_CONVERSION = YES;
				CLANG_WARN_INFINITE_RECURSION = YES;
				CLANG_WARN_INT_CONVERSION = YES;
				CLANG_WARN_NON_LITERAL_NULL_CONVERSION = YES;
				CLANG_WARN_OBJC_IMPLICIT_RETAIN_SELF = YES;
				CLANG_WARN_OBJC_LITERAL_CONVERSION = YES;
				CLANG_WARN_OBJC_ROOT_CLASS = YES_ERROR;
				CLANG_WARN_QUOTED_INCLUDE_IN_FRAMEWORK_HEADER = YES;
				CLANG_WARN_RANGE_LOOP_ANALYSIS = YES;
				CLANG_WARN_STRICT_PROTOTYPES = YES;
				CLANG_WARN_SUSPICIOUS_MOVE = YES;
				CLANG_WARN_UNGUARDED_AVAILABILITY = YES_AGGRESSIVE;
				CLANG_WARN_UNREACHABLE_CODE = YES;
				CLANG_WARN__DUPLICATE_METHOD_MATCH = YES;
				COPY_PHASE_STRIP = NO;
				DEBUG_INFORMATION_FORMAT = "dwarf-with-dsym";
				ENABLE_NS_ASSERTIONS = NO;
				ENABLE_STRICT_OBJC_MSGSEND = YES;
				ENABLE_USER_SCRIPT_SANDBOXING = YES;
				GCC_C_LANGUAGE_STANDARD = gnu17;
				GCC_NO_COMMON_BLOCKS = YES;
				GCC_WARN_64_TO_32_BIT_CONVERSION = YES;
				GCC_WARN_ABOUT_RETURN_TYPE = YES_ERROR;
				GCC_WARN_UNDECLARED_SELECTOR = YES;
				GCC_WARN_UNINITIALIZED_AUTOS = YES_AGGRESSIVE;
				GCC_WARN_UNUSED_FUNCTION = YES;
				GCC_WARN_UNUSED_VARIABLE = YES;
				IPHONEOS_DEPLOYMENT_TARGET = 18.1;
				LOCALIZATION_PREFERS_STRING_CATALOGS = YES;
				MTL_ENABLE_DEBUG_INFO = NO;
				MTL_FAST_MATH = YES;
				SDKROOT = iphoneos;
				SWIFT_COMPILATION_MODE = wholemodule;
				VALIDATE_PRODUCT = YES;
			};
			name = Release;
		};
		24F010852D1F23C3005854A4 /* Debug */ = {
			isa = XCBuildConfiguration;
			buildSettings = {
				ASSETCATALOG_COMPILER_APPICON_NAME = AppIcon;
				ASSETCATALOG_COMPILER_GLOBAL_ACCENT_COLOR_NAME = AccentColor;
				CODE_SIGN_STYLE = Automatic;
				CURRENT_PROJECT_VERSION = 1;
				DEVELOPMENT_ASSET_PATHS = "\"CarRental 2.0/Preview Content\"";
				DEVELOPMENT_TEAM = LRJ46F2YJQ;
				ENABLE_PREVIEWS = YES;
				GENERATE_INFOPLIST_FILE = YES;
				INFOPLIST_KEY_UIApplicationSceneManifest_Generation = YES;
				INFOPLIST_KEY_UIApplicationSupportsIndirectInputEvents = YES;
				INFOPLIST_KEY_UILaunchScreen_Generation = YES;
				INFOPLIST_KEY_UISupportedInterfaceOrientations_iPad = "UIInterfaceOrientationPortrait UIInterfaceOrientationPortraitUpsideDown UIInterfaceOrientationLandscapeLeft UIInterfaceOrientationLandscapeRight";
				INFOPLIST_KEY_UISupportedInterfaceOrientations_iPhone = "UIInterfaceOrientationPortrait UIInterfaceOrientationLandscapeLeft UIInterfaceOrientationLandscapeRight";
				LD_RUNPATH_SEARCH_PATHS = (
					"$(inherited)",
					"@executable_path/Frameworks",
				);
				MARKETING_VERSION = 1.0;
				PRODUCT_BUNDLE_IDENTIFIER = "AjdinFilovic.CarRental-2-0";
				PRODUCT_NAME = "$(TARGET_NAME)";
				SWIFT_EMIT_LOC_STRINGS = YES;
				SWIFT_VERSION = 5.0;
				TARGETED_DEVICE_FAMILY = "1,2";
			};
			name = Debug;
		};
		24F010862D1F23C3005854A4 /* Release */ = {
			isa = XCBuildConfiguration;
			buildSettings = {
				ASSETCATALOG_COMPILER_APPICON_NAME = AppIcon;
				ASSETCATALOG_COMPILER_GLOBAL_ACCENT_COLOR_NAME = AccentColor;
				CODE_SIGN_STYLE = Automatic;
				CURRENT_PROJECT_VERSION = 1;
				DEVELOPMENT_ASSET_PATHS = "\"CarRental 2.0/Preview Content\"";
				DEVELOPMENT_TEAM = LRJ46F2YJQ;
				ENABLE_PREVIEWS = YES;
				GENERATE_INFOPLIST_FILE = YES;
				INFOPLIST_KEY_UIApplicationSceneManifest_Generation = YES;
				INFOPLIST_KEY_UIApplicationSupportsIndirectInputEvents = YES;
				INFOPLIST_KEY_UILaunchScreen_Generation = YES;
				INFOPLIST_KEY_UISupportedInterfaceOrientations_iPad = "UIInterfaceOrientationPortrait UIInterfaceOrientationPortraitUpsideDown UIInterfaceOrientationLandscapeLeft UIInterfaceOrientationLandscapeRight";
				INFOPLIST_KEY_UISupportedInterfaceOrientations_iPhone = "UIInterfaceOrientationPortrait UIInterfaceOrientationLandscapeLeft UIInterfaceOrientationLandscapeRight";
				LD_RUNPATH_SEARCH_PATHS = (
					"$(inherited)",
					"@executable_path/Frameworks",
				);
				MARKETING_VERSION = 1.0;
				PRODUCT_BUNDLE_IDENTIFIER = "AjdinFilovic.CarRental-2-0";
				PRODUCT_NAME = "$(TARGET_NAME)";
				SWIFT_EMIT_LOC_STRINGS = YES;
				SWIFT_VERSION = 5.0;
				TARGETED_DEVICE_FAMILY = "1,2";
			};
			name = Release;
		};
		24F010882D1F23C3005854A4 /* Debug */ = {
			isa = XCBuildConfiguration;
			buildSettings = {
				BUNDLE_LOADER = "$(TEST_HOST)";
				CODE_SIGN_STYLE = Automatic;
				CURRENT_PROJECT_VERSION = 1;
				DEVELOPMENT_TEAM = LRJ46F2YJQ;
				GENERATE_INFOPLIST_FILE = YES;
				IPHONEOS_DEPLOYMENT_TARGET = 18.1;
				MARKETING_VERSION = 1.0;
				PRODUCT_BUNDLE_IDENTIFIER = "AjdinFilovic.CarRental-2-0Tests";
				PRODUCT_NAME = "$(TARGET_NAME)";
				SWIFT_EMIT_LOC_STRINGS = NO;
				SWIFT_VERSION = 5.0;
				TARGETED_DEVICE_FAMILY = "1,2";
				TEST_HOST = "$(BUILT_PRODUCTS_DIR)/CarRental 2.0.app/$(BUNDLE_EXECUTABLE_FOLDER_PATH)/CarRental 2.0";
			};
			name = Debug;
		};
		24F010892D1F23C3005854A4 /* Release */ = {
			isa = XCBuildConfiguration;
			buildSettings = {
				BUNDLE_LOADER = "$(TEST_HOST)";
				CODE_SIGN_STYLE = Automatic;
				CURRENT_PROJECT_VERSION = 1;
				DEVELOPMENT_TEAM = LRJ46F2YJQ;
				GENERATE_INFOPLIST_FILE = YES;
				IPHONEOS_DEPLOYMENT_TARGET = 18.1;
				MARKETING_VERSION = 1.0;
				PRODUCT_BUNDLE_IDENTIFIER = "AjdinFilovic.CarRental-2-0Tests";
				PRODUCT_NAME = "$(TARGET_NAME)";
				SWIFT_EMIT_LOC_STRINGS = NO;
				SWIFT_VERSION = 5.0;
				TARGETED_DEVICE_FAMILY = "1,2";
				TEST_HOST = "$(BUILT_PRODUCTS_DIR)/CarRental 2.0.app/$(BUNDLE_EXECUTABLE_FOLDER_PATH)/CarRental 2.0";
			};
			name = Release;
		};
		24F0108B2D1F23C3005854A4 /* Debug */ = {
			isa = XCBuildConfiguration;
			buildSettings = {
				CODE_SIGN_STYLE = Automatic;
				CURRENT_PROJECT_VERSION = 1;
				DEVELOPMENT_TEAM = LRJ46F2YJQ;
				GENERATE_INFOPLIST_FILE = YES;
				MARKETING_VERSION = 1.0;
				PRODUCT_BUNDLE_IDENTIFIER = "AjdinFilovic.CarRental-2-0UITests";
				PRODUCT_NAME = "$(TARGET_NAME)";
				SWIFT_EMIT_LOC_STRINGS = NO;
				SWIFT_VERSION = 5.0;
				TARGETED_DEVICE_FAMILY = "1,2";
				TEST_TARGET_NAME = "CarRental 2.0";
			};
			name = Debug;
		};
		24F0108C2D1F23C3005854A4 /* Release */ = {
			isa = XCBuildConfiguration;
			buildSettings = {
				CODE_SIGN_STYLE = Automatic;
				CURRENT_PROJECT_VERSION = 1;
				DEVELOPMENT_TEAM = LRJ46F2YJQ;
				GENERATE_INFOPLIST_FILE = YES;
				MARKETING_VERSION = 1.0;
				PRODUCT_BUNDLE_IDENTIFIER = "AjdinFilovic.CarRental-2-0UITests";
				PRODUCT_NAME = "$(TARGET_NAME)";
				SWIFT_EMIT_LOC_STRINGS = NO;
				SWIFT_VERSION = 5.0;
				TARGETED_DEVICE_FAMILY = "1,2";
				TEST_TARGET_NAME = "CarRental 2.0";
			};
			name = Release;
		};
/* End XCBuildConfiguration section */

/* Begin XCConfigurationList section */
		24F0105B2D1F23C1005854A4 /* Build configuration list for PBXProject "CarRental 2.0" */ = {
			isa = XCConfigurationList;
			buildConfigurations = (
				24F010822D1F23C3005854A4 /* Debug */,
				24F010832D1F23C3005854A4 /* Release */,
			);
			defaultConfigurationIsVisible = 0;
			defaultConfigurationName = Release;
		};
		24F010842D1F23C3005854A4 /* Build configuration list for PBXNativeTarget "CarRental 2.0" */ = {
			isa = XCConfigurationList;
			buildConfigurations = (
				24F010852D1F23C3005854A4 /* Debug */,
				24F010862D1F23C3005854A4 /* Release */,
			);
			defaultConfigurationIsVisible = 0;
			defaultConfigurationName = Release;
		};
		24F010872D1F23C3005854A4 /* Build configuration list for PBXNativeTarget "CarRental 2.0Tests" */ = {
			isa = XCConfigurationList;
			buildConfigurations = (
				24F010882D1F23C3005854A4 /* Debug */,
				24F010892D1F23C3005854A4 /* Release */,
			);
			defaultConfigurationIsVisible = 0;
			defaultConfigurationName = Release;
		};
		24F0108A2D1F23C3005854A4 /* Build configuration list for PBXNativeTarget "CarRental 2.0UITests" */ = {
			isa = XCConfigurationList;
			buildConfigurations = (
				24F0108B2D1F23C3005854A4 /* Debug */,
				24F0108C2D1F23C3005854A4 /* Release */,
			);
			defaultConfigurationIsVisible = 0;
			defaultConfigurationName = Release;
		};
/* End XCConfigurationList section */
	};
	rootObject = 24F010582D1F23C1005854A4 /* Project object */;
}
